
Microsoft Visual Studio Solution File, Format Version 12.00
Project("{2150E333-8FDC-42A3-9474-1A3956D46DE8}") = "Aplicacao", "Aplicacao", "{E36673F7-376A-4B3F-B1F7-895360824EA1}"
EndProject
Project("{2150E333-8FDC-42A3-9474-1A3956D46DE8}") = "Infraestrutura", "Infraestrutura", "{670BB9D2-0552-41F4-BB04-CD52A0049C89}"
EndProject
Project("{2150E333-8FDC-42A3-9474-1A3956D46DE8}") = "Dominio", "Dominio", "{BD728C12-F075-46FD-8ECC-5BCAB9826935}"
EndProject
Project("{FAE04EC0-301F-11D3-BF4B-00C04F79EFBC}") = "Domain", "Domain\Domain.csproj", "{882408AE-26A9-4C49-BB38-9E83E4AA7312}"
EndProject
Project("{FAE04EC0-301F-11D3-BF4B-00C04F79EFBC}") = "Domain.Core", "Domain.Core\Domain.Core.csproj", "{D18C8D27-5000-4979-A5BC-370C4B6945E6}"
EndProject
Project("{FAE04EC0-301F-11D3-BF4B-00C04F79EFBC}") = "Domain.Services", "Domain.Services\Domain.Services.csproj", "{1CFB9D89-4831-4B56-BF1F-5B4C172F1B13}"
EndProject
Project("{FAE04EC0-301F-11D3-BF4B-00C04F79EFBC}") = "Application", "Application\Application.csproj", "{D76232BC-2FB5-4DA1-82B5-DF4496D546DA}"
EndProject
Project("{FAE04EC0-301F-11D3-BF4B-00C04F79EFBC}") = "Application.DTO", "Application.DTO\Application.DTO.csproj", "{779B02B6-814D-4E08-99FE-A91601F6017B}"
EndProject
Project("{FAE04EC0-301F-11D3-BF4B-00C04F79EFBC}") = "Infrastructure.Data", "Infrastructure.Data\Infrastructure.Data.csproj", "{37799345-AF0D-4EFC-BFF8-5DBA134C18EC}"
EndProject
Project("{2150E333-8FDC-42A3-9474-1A3956D46DE8}") = "Data", "Data", "{3257EF94-4F6C-4188-AE7E-BBA2D930930B}"
EndProject
Project("{FAE04EC0-301F-11D3-BF4B-00C04F79EFBC}") = "Infrastruture.Repository", "Infrastruture.Repository\Infrastruture.Repository.csproj", "{D16253BC-4C91-44E4-9E24-DBF44AE0993B}"
EndProject
Project("{2150E333-8FDC-42A3-9474-1A3956D46DE8}") = "CrossCutting", "CrossCutting", "{9CB2918F-6996-4F6A-B2FF-124DA64CF53F}"
EndProject
Project("{FAE04EC0-301F-11D3-BF4B-00C04F79EFBC}") = "Infrastruture.CrossCutting.Adapter", "Infrastruture.CrossCutting.Adapter\Infrastruture.CrossCutting.Adapter.csproj", "{96FAA8A2-C720-4BC9-9266-263D55FD03EF}"
EndProject
Project("{FAE04EC0-301F-11D3-BF4B-00C04F79EFBC}") = "Infrastruture.CrossCutting.IOC", "Infrastruture.CrossCutting.IOC\Infrastruture.CrossCutting.IOC.csproj", "{7E48FFB5-02D1-46AE-9BA2-FA7AC30CA012}"
EndProject
Project("{2150E333-8FDC-42A3-9474-1A3956D46DE8}") = "Apresentacao", "Apresentacao", "{9A8D98DF-B38F-4BB8-95A6-92AD253BAD62}"
EndProject
Project("{FAE04EC0-301F-11D3-BF4B-00C04F79EFBC}") = "Presentation", "Presentation\Presentation.csproj", "{98293AEC-86D0-4858-8CBB-741E81C5F2EB}"
EndProject
Project("{FAE04EC0-301F-11D3-BF4B-00C04F79EFBC}") = "Application.Test", "Application.Test\Application.Test.csproj", "{93BB922D-A101-425A-B562-7631FAB92D5E}"
EndProject
Global
	GlobalSection(SolutionConfigurationPlatforms) = preSolution
		Debug|Any CPU = Debug|Any CPU
		Release|Any CPU = Release|Any CPU
	EndGlobalSection
	GlobalSection(ProjectConfigurationPlatforms) = postSolution
		{882408AE-26A9-4C49-BB38-9E83E4AA7312}.Debug|Any CPU.ActiveCfg = Debug|Any CPU
		{882408AE-26A9-4C49-BB38-9E83E4AA7312}.Debug|Any CPU.Build.0 = Debug|Any CPU
		{882408AE-26A9-4C49-BB38-9E83E4AA7312}.Release|Any CPU.ActiveCfg = Release|Any CPU
		{882408AE-26A9-4C49-BB38-9E83E4AA7312}.Release|Any CPU.Build.0 = Release|Any CPU
		{882408AE-26A9-4C49-BB38-9E83E4AA7312}.Release|Any CPU.Deploy.0 = Release|Any CPU
		{D18C8D27-5000-4979-A5BC-370C4B6945E6}.Debug|Any CPU.ActiveCfg = Debug|Any CPU
		{D18C8D27-5000-4979-A5BC-370C4B6945E6}.Debug|Any CPU.Build.0 = Debug|Any CPU
		{D18C8D27-5000-4979-A5BC-370C4B6945E6}.Release|Any CPU.ActiveCfg = Release|Any CPU
		{D18C8D27-5000-4979-A5BC-370C4B6945E6}.Release|Any CPU.Build.0 = Release|Any CPU
		{D18C8D27-5000-4979-A5BC-370C4B6945E6}.Release|Any CPU.Deploy.0 = Release|Any CPU
		{1CFB9D89-4831-4B56-BF1F-5B4C172F1B13}.Debug|Any CPU.ActiveCfg = Debug|Any CPU
		{1CFB9D89-4831-4B56-BF1F-5B4C172F1B13}.Debug|Any CPU.Build.0 = Debug|Any CPU
		{1CFB9D89-4831-4B56-BF1F-5B4C172F1B13}.Release|Any CPU.ActiveCfg = Release|Any CPU
		{1CFB9D89-4831-4B56-BF1F-5B4C172F1B13}.Release|Any CPU.Build.0 = Release|Any CPU
		{1CFB9D89-4831-4B56-BF1F-5B4C172F1B13}.Release|Any CPU.Deploy.0 = Release|Any CPU
		{D76232BC-2FB5-4DA1-82B5-DF4496D546DA}.Debug|Any CPU.ActiveCfg = Debug|Any CPU
		{D76232BC-2FB5-4DA1-82B5-DF4496D546DA}.Debug|Any CPU.Build.0 = Debug|Any CPU
		{D76232BC-2FB5-4DA1-82B5-DF4496D546DA}.Release|Any CPU.ActiveCfg = Release|Any CPU
		{D76232BC-2FB5-4DA1-82B5-DF4496D546DA}.Release|Any CPU.Build.0 = Release|Any CPU
		{D76232BC-2FB5-4DA1-82B5-DF4496D546DA}.Release|Any CPU.Deploy.0 = Release|Any CPU
		{779B02B6-814D-4E08-99FE-A91601F6017B}.Debug|Any CPU.ActiveCfg = Debug|Any CPU
		{779B02B6-814D-4E08-99FE-A91601F6017B}.Debug|Any CPU.Build.0 = Debug|Any CPU
		{779B02B6-814D-4E08-99FE-A91601F6017B}.Release|Any CPU.ActiveCfg = Release|Any CPU
		{779B02B6-814D-4E08-99FE-A91601F6017B}.Release|Any CPU.Build.0 = Release|Any CPU
		{779B02B6-814D-4E08-99FE-A91601F6017B}.Release|Any CPU.Deploy.0 = Release|Any CPU
		{37799345-AF0D-4EFC-BFF8-5DBA134C18EC}.Debug|Any CPU.ActiveCfg = Debug|Any CPU
		{37799345-AF0D-4EFC-BFF8-5DBA134C18EC}.Debug|Any CPU.Build.0 = Debug|Any CPU
		{37799345-AF0D-4EFC-BFF8-5DBA134C18EC}.Release|Any CPU.ActiveCfg = Release|Any CPU
		{37799345-AF0D-4EFC-BFF8-5DBA134C18EC}.Release|Any CPU.Build.0 = Release|Any CPU
		{37799345-AF0D-4EFC-BFF8-5DBA134C18EC}.Release|Any CPU.Deploy.0 = Release|Any CPU
		{D16253BC-4C91-44E4-9E24-DBF44AE0993B}.Debug|Any CPU.ActiveCfg = Debug|Any CPU
		{D16253BC-4C91-44E4-9E24-DBF44AE0993B}.Debug|Any CPU.Build.0 = Debug|Any CPU
		{D16253BC-4C91-44E4-9E24-DBF44AE0993B}.Release|Any CPU.ActiveCfg = Release|Any CPU
		{D16253BC-4C91-44E4-9E24-DBF44AE0993B}.Release|Any CPU.Build.0 = Release|Any CPU
		{D16253BC-4C91-44E4-9E24-DBF44AE0993B}.Release|Any CPU.Deploy.0 = Release|Any CPU
		{96FAA8A2-C720-4BC9-9266-263D55FD03EF}.Debug|Any CPU.ActiveCfg = Debug|Any CPU
		{96FAA8A2-C720-4BC9-9266-263D55FD03EF}.Debug|Any CPU.Build.0 = Debug|Any CPU
		{96FAA8A2-C720-4BC9-9266-263D55FD03EF}.Release|Any CPU.ActiveCfg = Release|Any CPU
		{96FAA8A2-C720-4BC9-9266-263D55FD03EF}.Release|Any CPU.Build.0 = Release|Any CPU
		{96FAA8A2-C720-4BC9-9266-263D55FD03EF}.Release|Any CPU.Deploy.0 = Release|Any CPU
		{7E48FFB5-02D1-46AE-9BA2-FA7AC30CA012}.Debug|Any CPU.ActiveCfg = Debug|Any CPU
		{7E48FFB5-02D1-46AE-9BA2-FA7AC30CA012}.Debug|Any CPU.Build.0 = Debug|Any CPU
		{7E48FFB5-02D1-46AE-9BA2-FA7AC30CA012}.Release|Any CPU.ActiveCfg = Release|Any CPU
		{7E48FFB5-02D1-46AE-9BA2-FA7AC30CA012}.Release|Any CPU.Build.0 = Release|Any CPU
		{7E48FFB5-02D1-46AE-9BA2-FA7AC30CA012}.Release|Any CPU.Deploy.0 = Release|Any CPU
		{98293AEC-86D0-4858-8CBB-741E81C5F2EB}.Debug|Any CPU.ActiveCfg = Debug|Any CPU
		{98293AEC-86D0-4858-8CBB-741E81C5F2EB}.Debug|Any CPU.Build.0 = Debug|Any CPU
		{98293AEC-86D0-4858-8CBB-741E81C5F2EB}.Release|Any CPU.ActiveCfg = Release|Any CPU
		{98293AEC-86D0-4858-8CBB-741E81C5F2EB}.Release|Any CPU.Build.0 = Release|Any CPU
		{98293AEC-86D0-4858-8CBB-741E81C5F2EB}.Release|Any CPU.Deploy.0 = Release|Any CPU
		{93BB922D-A101-425A-B562-7631FAB92D5E}.Debug|Any CPU.ActiveCfg = Debug|Any CPU
		{93BB922D-A101-425A-B562-7631FAB92D5E}.Debug|Any CPU.Build.0 = Debug|Any CPU
		{93BB922D-A101-425A-B562-7631FAB92D5E}.Release|Any CPU.ActiveCfg = Release|Any CPU
		{93BB922D-A101-425A-B562-7631FAB92D5E}.Release|Any CPU.Build.0 = Release|Any CPU
		{93BB922D-A101-425A-B562-7631FAB92D5E}.Release|Any CPU.Deploy.0 = Release|Any CPU
	EndGlobalSection
	GlobalSection(NestedProjects) = preSolution
		{882408AE-26A9-4C49-BB38-9E83E4AA7312} = {BD728C12-F075-46FD-8ECC-5BCAB9826935}
		{D18C8D27-5000-4979-A5BC-370C4B6945E6} = {BD728C12-F075-46FD-8ECC-5BCAB9826935}
		{1CFB9D89-4831-4B56-BF1F-5B4C172F1B13} = {BD728C12-F075-46FD-8ECC-5BCAB9826935}
		{D76232BC-2FB5-4DA1-82B5-DF4496D546DA} = {E36673F7-376A-4B3F-B1F7-895360824EA1}
		{779B02B6-814D-4E08-99FE-A91601F6017B} = {E36673F7-376A-4B3F-B1F7-895360824EA1}
		{3257EF94-4F6C-4188-AE7E-BBA2D930930B} = {670BB9D2-0552-41F4-BB04-CD52A0049C89}
		{37799345-AF0D-4EFC-BFF8-5DBA134C18EC} = {3257EF94-4F6C-4188-AE7E-BBA2D930930B}
		{D16253BC-4C91-44E4-9E24-DBF44AE0993B} = {3257EF94-4F6C-4188-AE7E-BBA2D930930B}
		{9CB2918F-6996-4F6A-B2FF-124DA64CF53F} = {670BB9D2-0552-41F4-BB04-CD52A0049C89}
		{96FAA8A2-C720-4BC9-9266-263D55FD03EF} = {9CB2918F-6996-4F6A-B2FF-124DA64CF53F}
		{7E48FFB5-02D1-46AE-9BA2-FA7AC30CA012} = {9CB2918F-6996-4F6A-B2FF-124DA64CF53F}
		{98293AEC-86D0-4858-8CBB-741E81C5F2EB} = {9A8D98DF-B38F-4BB8-95A6-92AD253BAD62}
		{93BB922D-A101-425A-B562-7631FAB92D5E} = {E36673F7-376A-4B3F-B1F7-895360824EA1}
	EndGlobalSection
EndGlobal
